
Microsoft Visual Studio Solution File, Format Version 12.00
# Visual Studio Version 16
VisualStudioVersion = 16.0.31205.134
MinimumVisualStudioVersion = 10.0.40219.1
Project("{FAE04EC0-301F-11D3-BF4B-00C04F79EFBC}") = "Bootcamp_8", "Bootcamp_8\Bootcamp_8.csproj", "{1A84A8FC-E507-4C3A-A494-F3E0BEA79B02}"
EndProject
Global
	GlobalSection(SolutionConfigurationPlatforms) = preSolution
		Debug|Any CPU = Debug|Any CPU
		Release|Any CPU = Release|Any CPU
	EndGlobalSection
	GlobalSection(ProjectConfigurationPlatforms) = postSolution
		{1A84A8FC-E507-4C3A-A494-F3E0BEA79B02}.Debug|Any CPU.ActiveCfg = Debug|Any CPU
		{1A84A8FC-E507-4C3A-A494-F3E0BEA79B02}.Debug|Any CPU.Build.0 = Debug|Any CPU
		{1A84A8FC-E507-4C3A-A494-F3E0BEA79B02}.Release|Any CPU.ActiveCfg = Release|Any CPU
		{1A84A8FC-E507-4C3A-A494-F3E0BEA79B02}.Release|Any CPU.Build.0 = Release|Any CPU
	EndGlobalSection
	GlobalSection(SolutionProperties) = preSolution
		HideSolutionNode = FALSE
	EndGlobalSection
	GlobalSection(ExtensibilityGlobals) = postSolution
		SolutionGuid = {E2041ABE-1A8F-4D8F-9E45-62CD6F5DCC1D}
	EndGlobalSection
EndGlobal
